{
    "_meta": {
        "hash": {
            "sha256": "28f88e3fee8966247f61dd83a00297192f7031cdd8e7149566a465803fe0125d"
        },
        "pipfile-spec": 6,
        "requires": {
            "python_version": "3.8"
        },
        "sources": [
            {
                "name": "pypi",
                "url": "https://pypi.org/simple",
                "verify_ssl": true
            }
        ]
    },
    "default": {
        "asgiref": {
            "hashes": [
                "sha256:3e1e3ecc849832fe52ccf2cb6686b7a55f82bb1d6aee72a58826471390335e47",
                "sha256:c343bd80a0bec947a9860adb4c432ffa7db769836c64238fc34bdc3fec84d590"
            ],
            "markers": "python_version >= '3.8'",
            "version": "==3.8.1"
        },
        "backports.zoneinfo": {
            "hashes": [
                "sha256:17746bd546106fa389c51dbea67c8b7c8f0d14b5526a579ca6ccf5ed72c526cf",
                "sha256:1b13e654a55cd45672cb54ed12148cd33628f672548f373963b0bff67b217328",
                "sha256:1c5742112073a563c81f786e77514969acb58649bcdf6cdf0b4ed31a348d4546",
                "sha256:4a0f800587060bf8880f954dbef70de6c11bbe59c673c3d818921f042f9954a6",
                "sha256:5c144945a7752ca544b4b78c8c41544cdfaf9786f25fe5ffb10e838e19a27570",
                "sha256:7b0a64cda4145548fed9efc10322770f929b944ce5cee6c0dfe0c87bf4c0c8c9",
                "sha256:8439c030a11780786a2002261569bdf362264f605dfa4d65090b64b05c9f79a7",
                "sha256:8961c0f32cd0336fb8e8ead11a1f8cd99ec07145ec2931122faaac1c8f7fd987",
                "sha256:89a48c0d158a3cc3f654da4c2de1ceba85263fafb861b98b59040a5086259722",
                "sha256:a76b38c52400b762e48131494ba26be363491ac4f9a04c1b7e92483d169f6582",
                "sha256:da6013fd84a690242c310d77ddb8441a559e9cb3d3d59ebac9aca1a57b2e18bc",
                "sha256:e55b384612d93be96506932a786bbcde5a2db7a9e6a4bb4bffe8b733f5b9036b",
                "sha256:e81b76cace8eda1fca50e345242ba977f9be6ae3945af8d46326d776b4cf78d1",
                "sha256:e8236383a20872c0cdf5a62b554b27538db7fa1bbec52429d8d106effbaeca08",
                "sha256:f04e857b59d9d1ccc39ce2da1021d196e47234873820cbeaad210724b1ee28ac",
                "sha256:fadbfe37f74051d024037f223b8e001611eac868b5c5b06144ef4d8b799862f2"
            ],
            "markers": "python_version < '3.9'",
            "version": "==0.2.1"
        },
        "cffi": {
            "hashes": [
                "sha256:131fd094d1065b19540c3d72594260f118b231090295d8c34e19a7bbcf2e860a",
                "sha256:bcb3ef43e58665bbda2fb198698fcae6776483e0c4a631aa5647806c25e02cc0"
            ],
            "markers": "platform_python_implementation != 'PyPy'",
            "version": "==1.16.0"
        },
        "cryptography": {
            "hashes": [
                "sha256:02c0eee2d7133bdbbc5e24441258d5d2244beb31da5ed19fbb80315f4bbbff55",
                "sha256:0d563795db98b4cd57742a78a288cdbdc9daedac29f2239793071fe114f13785",
                "sha256:16268d46086bb8ad5bf0a2b5544d8a9ed87a0e33f5e77dd3c3301e63d941a83b",
                "sha256:1a58839984d9cb34c855197043eaae2c187d930ca6d644612843b4fe8513c886",
                "sha256:2954fccea107026512b15afb4aa664a5640cd0af630e2ee3962f2602693f0c82",
                "sha256:2e47577f9b18723fa294b0ea9a17d5e53a227867a0a4904a1a076d1646d45ca1",
                "sha256:31adb7d06fe4383226c3e963471f6837742889b3c4caa55aac20ad951bc8ffda",
                "sha256:3577d029bc3f4827dd5bf8bf7710cac13527b470bbf1820a3f394adb38ed7d5f",
                "sha256:36017400817987670037fbb0324d71489b6ead6231c9604f8fc1f7d008087c68",
                "sha256:362e7197754c231797ec45ee081f3088a27a47c6c01eff2ac83f60f85a50fe60",
                "sha256:3de9a45d3b2b7d8088c3fbf1ed4395dfeff79d07842217b38df14ef09ce1d8d7",
                "sha256:4f698edacf9c9e0371112792558d2f705b5645076cc0aaae02f816a0171770fd",
                "sha256:5482e789294854c28237bba77c4c83be698be740e31a3ae5e879ee5444166582",
                "sha256:5e44507bf8d14b36b8389b226665d597bc0f18ea035d75b4e53c7b1ea84583cc",
                "sha256:779245e13b9a6638df14641d029add5dc17edbef6ec915688f3acb9e720a5858",
                "sha256:789caea816c6704f63f6241a519bfa347f72fbd67ba28d04636b7c6b7da94b0b",
                "sha256:7f8b25fa616d8b846aef64b15c606bb0828dbc35faf90566eb139aa9cff67af2",
                "sha256:8cb8ce7c3347fcf9446f201dc30e2d5a3c898d009126010cbd1f443f28b52678",
                "sha256:93a3209f6bb2b33e725ed08ee0991b92976dfdcf4e8b38646540674fc7508e13",
                "sha256:a3a5ac8b56fe37f3125e5b72b61dcde43283e5370827f5233893d461b7360cd4",
                "sha256:a47787a5e3649008a1102d3df55424e86606c9bae6fb77ac59afe06d234605f8",
                "sha256:a79165431551042cc9d1d90e6145d5d0d3ab0f2d66326c201d9b0e7f5bf43604",
                "sha256:a987f840718078212fdf4504d0fd4c6effe34a7e4740378e59d47696e8dfb477",
                "sha256:a9bc127cdc4ecf87a5ea22a2556cab6c7eda2923f84e4f3cc588e8470ce4e42e",
                "sha256:bd13b5e9b543532453de08bcdc3cc7cebec6f9883e886fd20a92f26940fd3e7a",
                "sha256:c65f96dad14f8528a447414125e1fc8feb2ad5a272b8f68477abbcc1ea7d94b9",
                "sha256:d8e3098721b84392ee45af2dd554c947c32cc52f862b6a3ae982dbb90f577f14",
                "sha256:e6b79d0adb01aae87e8a44c2b64bc3f3fe59515280e00fb6d57a7267a2583cda",
                "sha256:e6b8f1881dac458c34778d0a424ae5769de30544fc678eac51c1c8bb2183e9da",
                "sha256:e9b2a6309f14c0497f348d08a065d52f3020656f675819fc405fb63bbcd26562",
                "sha256:ecbfbc00bf55888edda9868a4cf927205de8499e7fabe6c050322298382953f2",
                "sha256:efd0bf5205240182e0f13bcaea41be4fdf5c22c5129fc7ced4a0282ac86998c9"
            ],
            "index": "pypi",
            "markers": "python_version >= '3.7'",
            "version": "==42.0.7"
        },
        "django": {
            "hashes": [
                "sha256:837e3cf1f6c31347a1396a3f6b65688f2b4bb4a11c580dcb628b5afe527b68a5",
                "sha256:a17fcba2aad3fc7d46fdb23215095dbbd64e6174bf4589171e732b18b07e426a"
            ],
            "index": "pypi",
            "markers": "python_version >= '3.8'",
            "version": "==4.2.13"
        },
        "djangorestframework": {
            "hashes": [
                "sha256:3ccc0475bce968608cf30d07fb17d8e52d1d7fc8bfe779c905463200750cbca6",
                "sha256:f88fad74183dfc7144b2756d0d2ac716ea5b4c7c9840995ac3bfd8ec034333c1"
            ],
            "index": "pypi",
            "markers": "python_version >= '3.6'",
            "version": "==3.15.1"
        },
        "pycparser": {
            "hashes": [
                "sha256:491c8be9c040f5390f5bf44a5b07752bd07f56edf992381b05c701439eec10f6",
                "sha256:c3702b6d3dd8c7abc1afa565d7e63d53a1d0bd86cdc24edd75470f4de499cfcc"
            ],
            "markers": "python_version >= '3.8'",
            "version": "==2.22"
        },
        "pymysql": {
            "hashes": [
                "sha256:4f13a7df8bf36a51e81dd9f3605fede45a4878fe02f9236349fd82a3f0612f96",
                "sha256:8969ec6d763c856f7073c4c64662882675702efcb114b4bcbb955aea3a069fa7"
            ],
            "index": "pypi",
            "markers": "python_version >= '3.7'",
            "version": "==1.1.0"
        },
        "sqlparse": {
            "hashes": [
                "sha256:714d0a4932c059d16189f58ef5411ec2287a4360f17cdd0edd2d09d4c5087c93",
                "sha256:c204494cd97479d0e39f28c93d46c0b2d5959c7b9ab904762ea6c7af211c8663"
            ],
            "markers": "python_version >= '3.8'",
            "version": "==0.5.0"
        },
        "typing-extensions": {
            "hashes": [
                "sha256:83f085bd5ca59c80295fc2a82ab5dac679cbe02b9f33f7d83af68e241bea51b0",
                "sha256:c1f94d72897edaf4ce775bb7558d5b79d8126906a14ea5ed1635921406c0387a"
            ],
            "markers": "python_version < '3.11'",
            "version": "==4.11.0"
        },
        "tzdata": {
            "hashes": [
                "sha256:2674120f8d891909751c38abcdfd386ac0a5a1127954fbc332af6b5ceae07efd",
                "sha256:9068bc196136463f5245e51efda838afa15aaeca9903f49050dfa2679db4d252"
            ],
            "markers": "sys_platform == 'win32'",
            "version": "==2024.1"
        }
    },
    "develop": {}
}
